
Microsoft Visual Studio Solution File, Format Version 12.00
# Visual Studio Version 16
VisualStudioVersion = 16.0.29215.179
MinimumVisualStudioVersion = 10.0.40219.1
Project("{9A19103F-16F7-4668-BE54-9A1E7A4F7556}") = "DoodleReplacement", "DoodleReplacement\DoodleReplacement.csproj", "{205C91F1-BECD-4D03-93D9-B590322578E5}"
EndProject
Global
	GlobalSection(SolutionConfigurationPlatforms) = preSolution
		Debug|Any CPU = Debug|Any CPU
		Release|Any CPU = Release|Any CPU
	EndGlobalSection
	GlobalSection(ProjectConfigurationPlatforms) = postSolution
		{205C91F1-BECD-4D03-93D9-B590322578E5}.Debug|Any CPU.ActiveCfg = Debug|Any CPU
		{205C91F1-BECD-4D03-93D9-B590322578E5}.Debug|Any CPU.Build.0 = Debug|Any CPU
		{205C91F1-BECD-4D03-93D9-B590322578E5}.Release|Any CPU.ActiveCfg = Release|Any CPU
		{205C91F1-BECD-4D03-93D9-B590322578E5}.Release|Any CPU.Build.0 = Release|Any CPU
	EndGlobalSection
	GlobalSection(SolutionProperties) = preSolution
		HideSolutionNode = FALSE
	EndGlobalSection
	GlobalSection(ExtensibilityGlobals) = postSolution
		SolutionGuid = {DFFA9945-7020-4C21-A5F5-60CBE604F8E7}
	EndGlobalSection
EndGlobal
